
Microsoft Visual Studio Solution File, Format Version 10.00
# Visual Studio 2008
Project("{FAE04EC0-301F-11D3-BF4B-00C04F79EFBC}") = "Stock Trading UserRegister Client", "Stock Trading UserRegister Client\Stock Trading UserRegister Client.csproj", "{A9AA6300-9B25-47BB-9A40-FFCDF0B2D032}"
EndProject
Global
	GlobalSection(SolutionConfigurationPlatforms) = preSolution
		Debug|Any CPU = Debug|Any CPU
		Release|Any CPU = Release|Any CPU
	EndGlobalSection
	GlobalSection(ProjectConfigurationPlatforms) = postSolution
		{A9AA6300-9B25-47BB-9A40-FFCDF0B2D032}.Debug|Any CPU.ActiveCfg = Debug|Any CPU
		{A9AA6300-9B25-47BB-9A40-FFCDF0B2D032}.Debug|Any CPU.Build.0 = Debug|Any CPU
		{A9AA6300-9B25-47BB-9A40-FFCDF0B2D032}.Release|Any CPU.ActiveCfg = Release|Any CPU
		{A9AA6300-9B25-47BB-9A40-FFCDF0B2D032}.Release|Any CPU.Build.0 = Release|Any CPU
	EndGlobalSection
	GlobalSection(SolutionProperties) = preSolution
		HideSolutionNode = FALSE
	EndGlobalSection
EndGlobal
