
Microsoft Visual Studio Solution File, Format Version 10.00
# Visual Studio 2008
Project("{FAE04EC0-301F-11D3-BF4B-00C04F79EFBC}") = "Stock Trading Simulator Shell", "Stock Trading Simulator Shell.csproj", "{7EC005A3-ECA5-48F5-92C6-227256E1862A}"
EndProject
Global
	GlobalSection(SolutionConfigurationPlatforms) = preSolution
		Debug|Any CPU = Debug|Any CPU
		Release|Any CPU = Release|Any CPU
	EndGlobalSection
	GlobalSection(ProjectConfigurationPlatforms) = postSolution
		{7EC005A3-ECA5-48F5-92C6-227256E1862A}.Debug|Any CPU.ActiveCfg = Debug|Any CPU
		{7EC005A3-ECA5-48F5-92C6-227256E1862A}.Debug|Any CPU.Build.0 = Debug|Any CPU
		{7EC005A3-ECA5-48F5-92C6-227256E1862A}.Release|Any CPU.ActiveCfg = Release|Any CPU
		{7EC005A3-ECA5-48F5-92C6-227256E1862A}.Release|Any CPU.Build.0 = Release|Any CPU
	EndGlobalSection
	GlobalSection(SolutionProperties) = preSolution
		HideSolutionNode = FALSE
	EndGlobalSection
EndGlobal
