
Microsoft Visual Studio Solution File, Format Version 10.00
# Visual Studio 2008
Project("{FAE04EC0-301F-11D3-BF4B-00C04F79EFBC}") = "UserRankBrowse", "UserRankBrowse\UserRankBrowse.csproj", "{AE7E6F71-EA13-4C45-B517-C9D457D5177D}"
EndProject
Global
	GlobalSection(SolutionConfigurationPlatforms) = preSolution
		Debug|Any CPU = Debug|Any CPU
		Release|Any CPU = Release|Any CPU
	EndGlobalSection
	GlobalSection(ProjectConfigurationPlatforms) = postSolution
		{AE7E6F71-EA13-4C45-B517-C9D457D5177D}.Debug|Any CPU.ActiveCfg = Debug|Any CPU
		{AE7E6F71-EA13-4C45-B517-C9D457D5177D}.Debug|Any CPU.Build.0 = Debug|Any CPU
		{AE7E6F71-EA13-4C45-B517-C9D457D5177D}.Release|Any CPU.ActiveCfg = Release|Any CPU
		{AE7E6F71-EA13-4C45-B517-C9D457D5177D}.Release|Any CPU.Build.0 = Release|Any CPU
	EndGlobalSection
	GlobalSection(SolutionProperties) = preSolution
		HideSolutionNode = FALSE
	EndGlobalSection
EndGlobal
