
Microsoft Visual Studio Solution File, Format Version 10.00
# Visual Studio 2008
Project("{FAE04EC0-301F-11D3-BF4B-00C04F79EFBC}") = "Stock Trading Simulator Kernel", "Stock Trading Simulator Kernel.csproj", "{23DCA441-E19A-4E2C-BF83-594E557761B2}"
EndProject
Global
	GlobalSection(SolutionConfigurationPlatforms) = preSolution
		Debug|Any CPU = Debug|Any CPU
		Internel|Any CPU = Internel|Any CPU
		Release|Any CPU = Release|Any CPU
	EndGlobalSection
	GlobalSection(ProjectConfigurationPlatforms) = postSolution
		{23DCA441-E19A-4E2C-BF83-594E557761B2}.Debug|Any CPU.ActiveCfg = Debug|Any CPU
		{23DCA441-E19A-4E2C-BF83-594E557761B2}.Debug|Any CPU.Build.0 = Debug|Any CPU
		{23DCA441-E19A-4E2C-BF83-594E557761B2}.Internel|Any CPU.ActiveCfg = Internel|Any CPU
		{23DCA441-E19A-4E2C-BF83-594E557761B2}.Internel|Any CPU.Build.0 = Internel|Any CPU
		{23DCA441-E19A-4E2C-BF83-594E557761B2}.Release|Any CPU.ActiveCfg = Release|Any CPU
		{23DCA441-E19A-4E2C-BF83-594E557761B2}.Release|Any CPU.Build.0 = Release|Any CPU
	EndGlobalSection
	GlobalSection(SolutionProperties) = preSolution
		HideSolutionNode = FALSE
	EndGlobalSection
EndGlobal
