
Microsoft Visual Studio Solution File, Format Version 10.00
# Visual Studio 2008
Project("{FAE04EC0-301F-11D3-BF4B-00C04F79EFBC}") = "Stock Trading UserRegister Kernel", "Stock Trading UserRegister Kernel\Stock Trading UserRegister Kernel.csproj", "{48D96B94-716B-4B3A-BE8A-46DE4D49BE48}"
EndProject
Project("{FAE04EC0-301F-11D3-BF4B-00C04F79EFBC}") = "Stock Trading UserRegister Shell", "..\Stock Trading UserRegister Shell\Stock Trading UserRegister Shell\Stock Trading UserRegister Shell.csproj", "{5F1ECC4D-EB69-4111-8C8A-BD83EFBCA4C9}"
EndProject
Global
	GlobalSection(SolutionConfigurationPlatforms) = preSolution
		Debug|Any CPU = Debug|Any CPU
		Release|Any CPU = Release|Any CPU
	EndGlobalSection
	GlobalSection(ProjectConfigurationPlatforms) = postSolution
		{48D96B94-716B-4B3A-BE8A-46DE4D49BE48}.Debug|Any CPU.ActiveCfg = Debug|Any CPU
		{48D96B94-716B-4B3A-BE8A-46DE4D49BE48}.Debug|Any CPU.Build.0 = Debug|Any CPU
		{48D96B94-716B-4B3A-BE8A-46DE4D49BE48}.Release|Any CPU.ActiveCfg = Release|Any CPU
		{48D96B94-716B-4B3A-BE8A-46DE4D49BE48}.Release|Any CPU.Build.0 = Release|Any CPU
		{5F1ECC4D-EB69-4111-8C8A-BD83EFBCA4C9}.Debug|Any CPU.ActiveCfg = Debug|Any CPU
		{5F1ECC4D-EB69-4111-8C8A-BD83EFBCA4C9}.Debug|Any CPU.Build.0 = Debug|Any CPU
		{5F1ECC4D-EB69-4111-8C8A-BD83EFBCA4C9}.Release|Any CPU.ActiveCfg = Release|Any CPU
		{5F1ECC4D-EB69-4111-8C8A-BD83EFBCA4C9}.Release|Any CPU.Build.0 = Release|Any CPU
	EndGlobalSection
	GlobalSection(SolutionProperties) = preSolution
		HideSolutionNode = FALSE
	EndGlobalSection
EndGlobal
