
Microsoft Visual Studio Solution File, Format Version 10.00
# Visual Studio 2008
Project("{FAE04EC0-301F-11D3-BF4B-00C04F79EFBC}") = "Stock Trading UserRegister WebClient", "Stock Trading UserRegister WebClient\Stock Trading UserRegister WebClient.csproj", "{CBADBAF4-9B16-452B-972C-B28D9B1EAE11}"
EndProject
Global
	GlobalSection(SolutionConfigurationPlatforms) = preSolution
		Debug|Any CPU = Debug|Any CPU
		Release|Any CPU = Release|Any CPU
	EndGlobalSection
	GlobalSection(ProjectConfigurationPlatforms) = postSolution
		{CBADBAF4-9B16-452B-972C-B28D9B1EAE11}.Debug|Any CPU.ActiveCfg = Debug|Any CPU
		{CBADBAF4-9B16-452B-972C-B28D9B1EAE11}.Debug|Any CPU.Build.0 = Debug|Any CPU
		{CBADBAF4-9B16-452B-972C-B28D9B1EAE11}.Release|Any CPU.ActiveCfg = Release|Any CPU
		{CBADBAF4-9B16-452B-972C-B28D9B1EAE11}.Release|Any CPU.Build.0 = Release|Any CPU
	EndGlobalSection
	GlobalSection(SolutionProperties) = preSolution
		HideSolutionNode = FALSE
	EndGlobalSection
EndGlobal
