
Microsoft Visual Studio Solution File, Format Version 10.00
# Visual Studio 2008
Project("{FAE04EC0-301F-11D3-BF4B-00C04F79EFBC}") = "Stock Trading UserWealth", "Stock Trading UserWealth\Stock Trading UserWealth.csproj", "{3F4D004D-863F-4C57-9F12-93C3200A10D9}"
EndProject
Global
	GlobalSection(SolutionConfigurationPlatforms) = preSolution
		Debug|Any CPU = Debug|Any CPU
		Release|Any CPU = Release|Any CPU
	EndGlobalSection
	GlobalSection(ProjectConfigurationPlatforms) = postSolution
		{3F4D004D-863F-4C57-9F12-93C3200A10D9}.Debug|Any CPU.ActiveCfg = Debug|Any CPU
		{3F4D004D-863F-4C57-9F12-93C3200A10D9}.Debug|Any CPU.Build.0 = Debug|Any CPU
		{3F4D004D-863F-4C57-9F12-93C3200A10D9}.Release|Any CPU.ActiveCfg = Release|Any CPU
		{3F4D004D-863F-4C57-9F12-93C3200A10D9}.Release|Any CPU.Build.0 = Release|Any CPU
	EndGlobalSection
	GlobalSection(SolutionProperties) = preSolution
		HideSolutionNode = FALSE
	EndGlobalSection
EndGlobal
